
Microsoft Visual Studio Solution File, Format Version 12.00
# Visual Studio Version 17
VisualStudioVersion = 17.14.36221.1 d17.14
MinimumVisualStudioVersion = 10.0.40219.1
Project("{FAE04EC0-301F-11D3-BF4B-00C04F79EFBC}") = "PropertyManager", "PropertyManager.csproj", "{543CE385-8B14-4C96-BFA0-C2EFB998498B}"
EndProject
Global
	GlobalSection(SolutionConfigurationPlatforms) = preSolution
		Debug|Any CPU = Debug|Any CPU
		Release|Any CPU = Release|Any CPU
	EndGlobalSection
	GlobalSection(ProjectConfigurationPlatforms) = postSolution
		{543CE385-8B14-4C96-BFA0-C2EFB998498B}.Debug|Any CPU.ActiveCfg = Debug|Any CPU
		{543CE385-8B14-4C96-BFA0-C2EFB998498B}.Debug|Any CPU.Build.0 = Debug|Any CPU
		{543CE385-8B14-4C96-BFA0-C2EFB998498B}.Release|Any CPU.ActiveCfg = Release|Any CPU
		{543CE385-8B14-4C96-BFA0-C2EFB998498B}.Release|Any CPU.Build.0 = Release|Any CPU
	EndGlobalSection
	GlobalSection(SolutionProperties) = preSolution
		HideSolutionNode = FALSE
	EndGlobalSection
	GlobalSection(ExtensibilityGlobals) = postSolution
		SolutionGuid = {62A8FF2F-95D9-433E-B415-1B19DF8A61ED}
	EndGlobalSection
EndGlobal
